
Microsoft Visual Studio Solution File, Format Version 12.00
# Visual Studio Version 16
VisualStudioVersion = 16.0.30011.22
MinimumVisualStudioVersion = 10.0.40219.1
Project("{FAE04EC0-301F-11D3-BF4B-00C04F79EFBC}") = "TestCore", "TestCore\TestCore.csproj", "{B45E06DD-B8AE-4223-9D0E-BA0F6DDB5B4A}"
EndProject
Global
	GlobalSection(SolutionConfigurationPlatforms) = preSolution
		Debug|Any CPU = Debug|Any CPU
		Release|Any CPU = Release|Any CPU
	EndGlobalSection
	GlobalSection(ProjectConfigurationPlatforms) = postSolution
		{B45E06DD-B8AE-4223-9D0E-BA0F6DDB5B4A}.Debug|Any CPU.ActiveCfg = Debug|Any CPU
		{B45E06DD-B8AE-4223-9D0E-BA0F6DDB5B4A}.Debug|Any CPU.Build.0 = Debug|Any CPU
		{B45E06DD-B8AE-4223-9D0E-BA0F6DDB5B4A}.Release|Any CPU.ActiveCfg = Release|Any CPU
		{B45E06DD-B8AE-4223-9D0E-BA0F6DDB5B4A}.Release|Any CPU.Build.0 = Release|Any CPU
	EndGlobalSection
	GlobalSection(SolutionProperties) = preSolution
		HideSolutionNode = FALSE
	EndGlobalSection
	GlobalSection(ExtensibilityGlobals) = postSolution
		SolutionGuid = {690D0E52-4D55-480A-BF9E-C3C7DABE48FF}
	EndGlobalSection
EndGlobal
